// !$*UTF8*$!
{
	archiveVersion = 1;
	classes = {
	};
	objectVersion = 48;
	objects = {

/* Begin PBXBuildFile section */
		49688CFF4707AC4E5AECA201 /* Pods_WeatherAppUITests.framework in Frameworks */ = {isa = PBXBuildFile; fileRef = 3C0E6AAAB46ABFD1F658D733 /* Pods_WeatherAppUITests.framework */; };
		5CA595AC0727B0C10ADD50D0 /* Pods_WeatherAppTests.framework in Frameworks */ = {isa = PBXBuildFile; fileRef = 9F718FE64EAFE17F81D2CFD2 /* Pods_WeatherAppTests.framework */; };
		AB29ECE9B29793A7DCBC7E3C /* Pods_WeatherApp.framework in Frameworks */ = {isa = PBXBuildFile; fileRef = AA37137FC422D43E37596F59 /* Pods_WeatherApp.framework */; };
		D9110965206EA34700F2355F /* WeatherDataModel.swift in Sources */ = {isa = PBXBuildFile; fileRef = D9110964206EA34700F2355F /* WeatherDataModel.swift */; };
		D911096B2073E81C00F2355F /* ChangeCityTableViewController.swift in Sources */ = {isa = PBXBuildFile; fileRef = D911096A2073E81C00F2355F /* ChangeCityTableViewController.swift */; };
		D93214BC2076835C0085AB78 /* city.list.json in Resources */ = {isa = PBXBuildFile; fileRef = D93214BB2076835B0085AB78 /* city.list.json */; };
		D973B119205A671800E9CE4F /* AppDelegate.swift in Sources */ = {isa = PBXBuildFile; fileRef = D973B118205A671800E9CE4F /* AppDelegate.swift */; };
		D973B11B205A671800E9CE4F /* ViewController.swift in Sources */ = {isa = PBXBuildFile; fileRef = D973B11A205A671800E9CE4F /* ViewController.swift */; };
		D973B11E205A671800E9CE4F /* Main.storyboard in Resources */ = {isa = PBXBuildFile; fileRef = D973B11C205A671800E9CE4F /* Main.storyboard */; };
		D973B120205A671800E9CE4F /* Assets.xcassets in Resources */ = {isa = PBXBuildFile; fileRef = D973B11F205A671800E9CE4F /* Assets.xcassets */; };
		D973B123205A671800E9CE4F /* LaunchScreen.storyboard in Resources */ = {isa = PBXBuildFile; fileRef = D973B121205A671800E9CE4F /* LaunchScreen.storyboard */; };
		D973B12E205A671800E9CE4F /* WeatherAppTests.swift in Sources */ = {isa = PBXBuildFile; fileRef = D973B12D205A671800E9CE4F /* WeatherAppTests.swift */; };
		D973B139205A671900E9CE4F /* WeatherAppUITests.swift in Sources */ = {isa = PBXBuildFile; fileRef = D973B138205A671900E9CE4F /* WeatherAppUITests.swift */; };
/* End PBXBuildFile section */

/* Begin PBXContainerItemProxy section */
		D973B12A205A671800E9CE4F /* PBXContainerItemProxy */ = {
			isa = PBXContainerItemProxy;
			containerPortal = D973B10D205A671800E9CE4F /* Project object */;
			proxyType = 1;
			remoteGlobalIDString = D973B114205A671800E9CE4F;
			remoteInfo = WeatherApp;
		};
		D973B135205A671900E9CE4F /* PBXContainerItemProxy */ = {
			isa = PBXContainerItemProxy;
			containerPortal = D973B10D205A671800E9CE4F /* Project object */;
			proxyType = 1;
			remoteGlobalIDString = D973B114205A671800E9CE4F;
			remoteInfo = WeatherApp;
		};
/* End PBXContainerItemProxy section */

/* Begin PBXFileReference section */
		3C0E6AAAB46ABFD1F658D733 /* Pods_WeatherAppUITests.framework */ = {isa = PBXFileReference; explicitFileType = wrapper.framework; includeInIndex = 0; path = Pods_WeatherAppUITests.framework; sourceTree = BUILT_PRODUCTS_DIR; };
		5D6DE687B1C73E3D9EA9F95F /* Pods-WeatherApp.debug.xcconfig */ = {isa = PBXFileReference; includeInIndex = 1; lastKnownFileType = text.xcconfig; name = "Pods-WeatherApp.debug.xcconfig"; path = "Pods/Target Support Files/Pods-WeatherApp/Pods-WeatherApp.debug.xcconfig"; sourceTree = "<group>"; };
		913FA26527D47A51B5B5C80E /* Pods-WeatherApp.release.xcconfig */ = {isa = PBXFileReference; includeInIndex = 1; lastKnownFileType = text.xcconfig; name = "Pods-WeatherApp.release.xcconfig"; path = "Pods/Target Support Files/Pods-WeatherApp/Pods-WeatherApp.release.xcconfig"; sourceTree = "<group>"; };
		9F718FE64EAFE17F81D2CFD2 /* Pods_WeatherAppTests.framework */ = {isa = PBXFileReference; explicitFileType = wrapper.framework; includeInIndex = 0; path = Pods_WeatherAppTests.framework; sourceTree = BUILT_PRODUCTS_DIR; };
		AA37137FC422D43E37596F59 /* Pods_WeatherApp.framework */ = {isa = PBXFileReference; explicitFileType = wrapper.framework; includeInIndex = 0; path = Pods_WeatherApp.framework; sourceTree = BUILT_PRODUCTS_DIR; };
		B195955557CDDFB808430801 /* Pods-WeatherAppTests.release.xcconfig */ = {isa = PBXFileReference; includeInIndex = 1; lastKnownFileType = text.xcconfig; name = "Pods-WeatherAppTests.release.xcconfig"; path = "Pods/Target Support Files/Pods-WeatherAppTests/Pods-WeatherAppTests.release.xcconfig"; sourceTree = "<group>"; };
		B67C9C893A3154C130CD688C /* Pods-WeatherAppTests.debug.xcconfig */ = {isa = PBXFileReference; includeInIndex = 1; lastKnownFileType = text.xcconfig; name = "Pods-WeatherAppTests.debug.xcconfig"; path = "Pods/Target Support Files/Pods-WeatherAppTests/Pods-WeatherAppTests.debug.xcconfig"; sourceTree = "<group>"; };
		D9110964206EA34700F2355F /* WeatherDataModel.swift */ = {isa = PBXFileReference; fileEncoding = 4; lastKnownFileType = sourcecode.swift; path = WeatherDataModel.swift; sourceTree = "<group>"; };
		D911096A2073E81C00F2355F /* ChangeCityTableViewController.swift */ = {isa = PBXFileReference; lastKnownFileType = sourcecode.swift; path = ChangeCityTableViewController.swift; sourceTree = "<group>"; };
		D93214BB2076835B0085AB78 /* city.list.json */ = {isa = PBXFileReference; fileEncoding = 4; lastKnownFileType = text.json; path = city.list.json; sourceTree = "<group>"; };
		D973B115205A671800E9CE4F /* WeatherApp.app */ = {isa = PBXFileReference; explicitFileType = wrapper.application; includeInIndex = 0; path = WeatherApp.app; sourceTree = BUILT_PRODUCTS_DIR; };
		D973B118205A671800E9CE4F /* AppDelegate.swift */ = {isa = PBXFileReference; lastKnownFileType = sourcecode.swift; path = AppDelegate.swift; sourceTree = "<group>"; };
		D973B11A205A671800E9CE4F /* ViewController.swift */ = {isa = PBXFileReference; lastKnownFileType = sourcecode.swift; path = ViewController.swift; sourceTree = "<group>"; };
		D973B11D205A671800E9CE4F /* Base */ = {isa = PBXFileReference; lastKnownFileType = file.storyboard; name = Base; path = Base.lproj/Main.storyboard; sourceTree = "<group>"; };
		D973B11F205A671800E9CE4F /* Assets.xcassets */ = {isa = PBXFileReference; lastKnownFileType = folder.assetcatalog; path = Assets.xcassets; sourceTree = "<group>"; };
		D973B122205A671800E9CE4F /* Base */ = {isa = PBXFileReference; lastKnownFileType = file.storyboard; name = Base; path = Base.lproj/LaunchScreen.storyboard; sourceTree = "<group>"; };
		D973B124205A671800E9CE4F /* Info.plist */ = {isa = PBXFileReference; lastKnownFileType = text.plist.xml; path = Info.plist; sourceTree = "<group>"; };
		D973B129205A671800E9CE4F /* WeatherAppTests.xctest */ = {isa = PBXFileReference; explicitFileType = wrapper.cfbundle; includeInIndex = 0; path = WeatherAppTests.xctest; sourceTree = BUILT_PRODUCTS_DIR; };
		D973B12D205A671800E9CE4F /* WeatherAppTests.swift */ = {isa = PBXFileReference; lastKnownFileType = sourcecode.swift; path = WeatherAppTests.swift; sourceTree = "<group>"; };
		D973B12F205A671900E9CE4F /* Info.plist */ = {isa = PBXFileReference; lastKnownFileType = text.plist.xml; path = Info.plist; sourceTree = "<group>"; };
		D973B134205A671900E9CE4F /* WeatherAppUITests.xctest */ = {isa = PBXFileReference; explicitFileType = wrapper.cfbundle; includeInIndex = 0; path = WeatherAppUITests.xctest; sourceTree = BUILT_PRODUCTS_DIR; };
		D973B138205A671900E9CE4F /* WeatherAppUITests.swift */ = {isa = PBXFileReference; lastKnownFileType = sourcecode.swift; path = WeatherAppUITests.swift; sourceTree = "<group>"; };
		D973B13A205A671900E9CE4F /* Info.plist */ = {isa = PBXFileReference; lastKnownFileType = text.plist.xml; path = Info.plist; sourceTree = "<group>"; };
		EE1906F55633A2CE66A6AC5A /* Pods-WeatherAppUITests.release.xcconfig */ = {isa = PBXFileReference; includeInIndex = 1; lastKnownFileType = text.xcconfig; name = "Pods-WeatherAppUITests.release.xcconfig"; path = "Pods/Target Support Files/Pods-WeatherAppUITests/Pods-WeatherAppUITests.release.xcconfig"; sourceTree = "<group>"; };
		F2CCDF27A32FD9543F8C852D /* Pods-WeatherAppUITests.debug.xcconfig */ = {isa = PBXFileReference; includeInIndex = 1; lastKnownFileType = text.xcconfig; name = "Pods-WeatherAppUITests.debug.xcconfig"; path = "Pods/Target Support Files/Pods-WeatherAppUITests/Pods-WeatherAppUITests.debug.xcconfig"; sourceTree = "<group>"; };
/* End PBXFileReference section */

/* Begin PBXFrameworksBuildPhase section */
		D973B112205A671800E9CE4F /* Frameworks */ = {
			isa = PBXFrameworksBuildPhase;
			buildActionMask = 2147483647;
			files = (
				AB29ECE9B29793A7DCBC7E3C /* Pods_WeatherApp.framework in Frameworks */,
			);
			runOnlyForDeploymentPostprocessing = 0;
		};
		D973B126205A671800E9CE4F /* Frameworks */ = {
			isa = PBXFrameworksBuildPhase;
			buildActionMask = 2147483647;
			files = (
				5CA595AC0727B0C10ADD50D0 /* Pods_WeatherAppTests.framework in Frameworks */,
			);
			runOnlyForDeploymentPostprocessing = 0;
		};
		D973B131205A671900E9CE4F /* Frameworks */ = {
			isa = PBXFrameworksBuildPhase;
			buildActionMask = 2147483647;
			files = (
				49688CFF4707AC4E5AECA201 /* Pods_WeatherAppUITests.framework in Frameworks */,
			);
			runOnlyForDeploymentPostprocessing = 0;
		};
/* End PBXFrameworksBuildPhase section */

/* Begin PBXGroup section */
		62A7560715573563EA9ED264 /* Pods */ = {
			isa = PBXGroup;
			children = (
				5D6DE687B1C73E3D9EA9F95F /* Pods-WeatherApp.debug.xcconfig */,
				913FA26527D47A51B5B5C80E /* Pods-WeatherApp.release.xcconfig */,
				B67C9C893A3154C130CD688C /* Pods-WeatherAppTests.debug.xcconfig */,
				B195955557CDDFB808430801 /* Pods-WeatherAppTests.release.xcconfig */,
				F2CCDF27A32FD9543F8C852D /* Pods-WeatherAppUITests.debug.xcconfig */,
				EE1906F55633A2CE66A6AC5A /* Pods-WeatherAppUITests.release.xcconfig */,
			);
			name = Pods;
			sourceTree = "<group>";
		};
		8AF1C6EA68480E4E37555627 /* Frameworks */ = {
			isa = PBXGroup;
			children = (
				AA37137FC422D43E37596F59 /* Pods_WeatherApp.framework */,
				9F718FE64EAFE17F81D2CFD2 /* Pods_WeatherAppTests.framework */,
				3C0E6AAAB46ABFD1F658D733 /* Pods_WeatherAppUITests.framework */,
			);
			name = Frameworks;
			sourceTree = "<group>";
		};
		D9110960206E9C9D00F2355F /* View */ = {
			isa = PBXGroup;
			children = (
				D973B11C205A671800E9CE4F /* Main.storyboard */,
			);
			path = View;
			sourceTree = "<group>";
		};
		D9110961206EA27E00F2355F /* Controller */ = {
			isa = PBXGroup;
			children = (
				D973B11A205A671800E9CE4F /* ViewController.swift */,
				D973B118205A671800E9CE4F /* AppDelegate.swift */,
				D911096A2073E81C00F2355F /* ChangeCityTableViewController.swift */,
			);
			path = Controller;
			sourceTree = "<group>";
		};
		D9110967206EA36200F2355F /* Model */ = {
			isa = PBXGroup;
			children = (
				D9110964206EA34700F2355F /* WeatherDataModel.swift */,
			);
			path = Model;
			sourceTree = "<group>";
		};
		D973B10C205A671800E9CE4F = {
			isa = PBXGroup;
			children = (
				D973B117205A671800E9CE4F /* WeatherApp */,
				D973B12C205A671800E9CE4F /* WeatherAppTests */,
				D973B137205A671900E9CE4F /* WeatherAppUITests */,
				D973B116205A671800E9CE4F /* Products */,
				62A7560715573563EA9ED264 /* Pods */,
				8AF1C6EA68480E4E37555627 /* Frameworks */,
			);
			sourceTree = "<group>";
		};
		D973B116205A671800E9CE4F /* Products */ = {
			isa = PBXGroup;
			children = (
				D973B115205A671800E9CE4F /* WeatherApp.app */,
				D973B129205A671800E9CE4F /* WeatherAppTests.xctest */,
				D973B134205A671900E9CE4F /* WeatherAppUITests.xctest */,
			);
			name = Products;
			sourceTree = "<group>";
		};
		D973B117205A671800E9CE4F /* WeatherApp */ = {
			isa = PBXGroup;
			children = (
				D9110960206E9C9D00F2355F /* View */,
				D9110967206EA36200F2355F /* Model */,
				D9110961206EA27E00F2355F /* Controller */,
				D973B11F205A671800E9CE4F /* Assets.xcassets */,
				D973B121205A671800E9CE4F /* LaunchScreen.storyboard */,
				D973B124205A671800E9CE4F /* Info.plist */,
				D93214BB2076835B0085AB78 /* city.list.json */,
			);
			path = WeatherApp;
			sourceTree = "<group>";
		};
		D973B12C205A671800E9CE4F /* WeatherAppTests */ = {
			isa = PBXGroup;
			children = (
				D973B12D205A671800E9CE4F /* WeatherAppTests.swift */,
				D973B12F205A671900E9CE4F /* Info.plist */,
			);
			path = WeatherAppTests;
			sourceTree = "<group>";
		};
		D973B137205A671900E9CE4F /* WeatherAppUITests */ = {
			isa = PBXGroup;
			children = (
				D973B138205A671900E9CE4F /* WeatherAppUITests.swift */,
				D973B13A205A671900E9CE4F /* Info.plist */,
			);
			path = WeatherAppUITests;
			sourceTree = "<group>";
		};
/* End PBXGroup section */

/* Begin PBXNativeTarget section */
		D973B114205A671800E9CE4F /* WeatherApp */ = {
			isa = PBXNativeTarget;
			buildConfigurationList = D973B13D205A671900E9CE4F /* Build configuration list for PBXNativeTarget "WeatherApp" */;
			buildPhases = (
				2DAECBCC78E92D9CD359525A /* [CP] Check Pods Manifest.lock */,
				D973B111205A671800E9CE4F /* Sources */,
				D973B112205A671800E9CE4F /* Frameworks */,
				D973B113205A671800E9CE4F /* Resources */,
				AA2F23F1E9553C536576869F /* [CP] Embed Pods Frameworks */,
				55ED5FEFA668DA33CF636A05 /* [CP] Copy Pods Resources */,
			);
			buildRules = (
			);
			dependencies = (
			);
			name = WeatherApp;
			productName = WeatherApp;
			productReference = D973B115205A671800E9CE4F /* WeatherApp.app */;
			productType = "com.apple.product-type.application";
		};
		D973B128205A671800E9CE4F /* WeatherAppTests */ = {
			isa = PBXNativeTarget;
			buildConfigurationList = D973B140205A671900E9CE4F /* Build configuration list for PBXNativeTarget "WeatherAppTests" */;
			buildPhases = (
				63F0A13CAE4063E1BA5A5D2F /* [CP] Check Pods Manifest.lock */,
				D973B125205A671800E9CE4F /* Sources */,
				D973B126205A671800E9CE4F /* Frameworks */,
				D973B127205A671800E9CE4F /* Resources */,
				4B578A518137BFAB0CD4E4E4 /* [CP] Embed Pods Frameworks */,
				BD4D6F00DD4D858FB1F5AF0C /* [CP] Copy Pods Resources */,
			);
			buildRules = (
			);
			dependencies = (
				D973B12B205A671800E9CE4F /* PBXTargetDependency */,
			);
			name = WeatherAppTests;
			productName = WeatherAppTests;
			productReference = D973B129205A671800E9CE4F /* WeatherAppTests.xctest */;
			productType = "com.apple.product-type.bundle.unit-test";
		};
		D973B133205A671900E9CE4F /* WeatherAppUITests */ = {
			isa = PBXNativeTarget;
			buildConfigurationList = D973B143205A671900E9CE4F /* Build configuration list for PBXNativeTarget "WeatherAppUITests" */;
			buildPhases = (
				B7CB2048D6C42F82DAD5D879 /* [CP] Check Pods Manifest.lock */,
				D973B130205A671900E9CE4F /* Sources */,
				D973B131205A671900E9CE4F /* Frameworks */,
				D973B132205A671900E9CE4F /* Resources */,
				05FA00C6887A4F38FE6BB26F /* [CP] Embed Pods Frameworks */,
				15A48E0C337A576A9692BEDA /* [CP] Copy Pods Resources */,
			);
			buildRules = (
			);
			dependencies = (
				D973B136205A671900E9CE4F /* PBXTargetDependency */,
			);
			name = WeatherAppUITests;
			productName = WeatherAppUITests;
			productReference = D973B134205A671900E9CE4F /* WeatherAppUITests.xctest */;
			productType = "com.apple.product-type.bundle.ui-testing";
		};
/* End PBXNativeTarget section */

/* Begin PBXProject section */
		D973B10D205A671800E9CE4F /* Project object */ = {
			isa = PBXProject;
			attributes = {
				LastSwiftUpdateCheck = 0920;
				LastUpgradeCheck = 0930;
				ORGANIZATIONNAME = "Simon Winther";
				TargetAttributes = {
					D973B114205A671800E9CE4F = {
						CreatedOnToolsVersion = 9.2;
						ProvisioningStyle = Automatic;
					};
					D973B128205A671800E9CE4F = {
						CreatedOnToolsVersion = 9.2;
						ProvisioningStyle = Automatic;
						TestTargetID = D973B114205A671800E9CE4F;
					};
					D973B133205A671900E9CE4F = {
						CreatedOnToolsVersion = 9.2;
						ProvisioningStyle = Automatic;
						TestTargetID = D973B114205A671800E9CE4F;
					};
				};
			};
			buildConfigurationList = D973B110205A671800E9CE4F /* Build configuration list for PBXProject "WeatherApp" */;
			compatibilityVersion = "Xcode 8.0";
			developmentRegion = en;
			hasScannedForEncodings = 0;
			knownRegions = (
				en,
				Base,
			);
			mainGroup = D973B10C205A671800E9CE4F;
			productRefGroup = D973B116205A671800E9CE4F /* Products */;
			projectDirPath = "";
			projectRoot = "";
			targets = (
				D973B114205A671800E9CE4F /* WeatherApp */,
				D973B128205A671800E9CE4F /* WeatherAppTests */,
				D973B133205A671900E9CE4F /* WeatherAppUITests */,
			);
		};
/* End PBXProject section */

/* Begin PBXResourcesBuildPhase section */
		D973B113205A671800E9CE4F /* Resources */ = {
			isa = PBXResourcesBuildPhase;
			buildActionMask = 2147483647;
			files = (
				D973B123205A671800E9CE4F /* LaunchScreen.storyboard in Resources */,
				D93214BC2076835C0085AB78 /* city.list.json in Resources */,
				D973B120205A671800E9CE4F /* Assets.xcassets in Resources */,
				D973B11E205A671800E9CE4F /* Main.storyboard in Resources */,
			);
			runOnlyForDeploymentPostprocessing = 0;
		};
		D973B127205A671800E9CE4F /* Resources */ = {
			isa = PBXResourcesBuildPhase;
			buildActionMask = 2147483647;
			files = (
			);
			runOnlyForDeploymentPostprocessing = 0;
		};
		D973B132205A671900E9CE4F /* Resources */ = {
			isa = PBXResourcesBuildPhase;
			buildActionMask = 2147483647;
			files = (
			);
			runOnlyForDeploymentPostprocessing = 0;
		};
/* End PBXResourcesBuildPhase section */

/* Begin PBXShellScriptBuildPhase section */
		05FA00C6887A4F38FE6BB26F /* [CP] Embed Pods Frameworks */ = {
			isa = PBXShellScriptBuildPhase;
			buildActionMask = 2147483647;
			files = (
			);
			inputPaths = (
			);
			name = "[CP] Embed Pods Frameworks";
			outputPaths = (
			);
			runOnlyForDeploymentPostprocessing = 0;
			shellPath = /bin/sh;
			shellScript = "\"${SRCROOT}/Pods/Target Support Files/Pods-WeatherAppUITests/Pods-WeatherAppUITests-frameworks.sh\"\n";
			showEnvVarsInLog = 0;
		};
		15A48E0C337A576A9692BEDA /* [CP] Copy Pods Resources */ = {
			isa = PBXShellScriptBuildPhase;
			buildActionMask = 2147483647;
			files = (
			);
			inputPaths = (
			);
			name = "[CP] Copy Pods Resources";
			outputPaths = (
			);
			runOnlyForDeploymentPostprocessing = 0;
			shellPath = /bin/sh;
			shellScript = "\"${SRCROOT}/Pods/Target Support Files/Pods-WeatherAppUITests/Pods-WeatherAppUITests-resources.sh\"\n";
			showEnvVarsInLog = 0;
		};
		2DAECBCC78E92D9CD359525A /* [CP] Check Pods Manifest.lock */ = {
			isa = PBXShellScriptBuildPhase;
			buildActionMask = 2147483647;
			files = (
			);
			inputPaths = (
				"${PODS_PODFILE_DIR_PATH}/Podfile.lock",
				"${PODS_ROOT}/Manifest.lock",
			);
			name = "[CP] Check Pods Manifest.lock";
			outputPaths = (
				"$(DERIVED_FILE_DIR)/Pods-WeatherApp-checkManifestLockResult.txt",
			);
			runOnlyForDeploymentPostprocessing = 0;
			shellPath = /bin/sh;
			shellScript = "diff \"${PODS_PODFILE_DIR_PATH}/Podfile.lock\" \"${PODS_ROOT}/Manifest.lock\" > /dev/null\nif [ $? != 0 ] ; then\n    # print error to STDERR\n    echo \"error: The sandbox is not in sync with the Podfile.lock. Run 'pod install' or update your CocoaPods installation.\" >&2\n    exit 1\nfi\n# This output is used by Xcode 'outputs' to avoid re-running this script phase.\necho \"SUCCESS\" > \"${SCRIPT_OUTPUT_FILE_0}\"\n";
			showEnvVarsInLog = 0;
		};
		4B578A518137BFAB0CD4E4E4 /* [CP] Embed Pods Frameworks */ = {
			isa = PBXShellScriptBuildPhase;
			buildActionMask = 2147483647;
			files = (
			);
			inputPaths = (
			);
			name = "[CP] Embed Pods Frameworks";
			outputPaths = (
			);
			runOnlyForDeploymentPostprocessing = 0;
			shellPath = /bin/sh;
			shellScript = "\"${SRCROOT}/Pods/Target Support Files/Pods-WeatherAppTests/Pods-WeatherAppTests-frameworks.sh\"\n";
			showEnvVarsInLog = 0;
		};
		55ED5FEFA668DA33CF636A05 /* [CP] Copy Pods Resources */ = {
			isa = PBXShellScriptBuildPhase;
			buildActionMask = 2147483647;
			files = (
			);
			inputPaths = (
			);
			name = "[CP] Copy Pods Resources";
			outputPaths = (
			);
			runOnlyForDeploymentPostprocessing = 0;
			shellPath = /bin/sh;
			shellScript = "\"${SRCROOT}/Pods/Target Support Files/Pods-WeatherApp/Pods-WeatherApp-resources.sh\"\n";
			showEnvVarsInLog = 0;
		};
		63F0A13CAE4063E1BA5A5D2F /* [CP] Check Pods Manifest.lock */ = {
			isa = PBXShellScriptBuildPhase;
			buildActionMask = 2147483647;
			files = (
			);
			inputPaths = (
				"${PODS_PODFILE_DIR_PATH}/Podfile.lock",
				"${PODS_ROOT}/Manifest.lock",
			);
			name = "[CP] Check Pods Manifest.lock";
			outputPaths = (
				"$(DERIVED_FILE_DIR)/Pods-WeatherAppTests-checkManifestLockResult.txt",
			);
			runOnlyForDeploymentPostprocessing = 0;
			shellPath = /bin/sh;
			shellScript = "diff \"${PODS_PODFILE_DIR_PATH}/Podfile.lock\" \"${PODS_ROOT}/Manifest.lock\" > /dev/null\nif [ $? != 0 ] ; then\n    # print error to STDERR\n    echo \"error: The sandbox is not in sync with the Podfile.lock. Run 'pod install' or update your CocoaPods installation.\" >&2\n    exit 1\nfi\n# This output is used by Xcode 'outputs' to avoid re-running this script phase.\necho \"SUCCESS\" > \"${SCRIPT_OUTPUT_FILE_0}\"\n";
			showEnvVarsInLog = 0;
		};
		AA2F23F1E9553C536576869F /* [CP] Embed Pods Frameworks */ = {
			isa = PBXShellScriptBuildPhase;
			buildActionMask = 2147483647;
			files = (
			);
			inputPaths = (
				"${SRCROOT}/Pods/Target Support Files/Pods-WeatherApp/Pods-WeatherApp-frameworks.sh",
				"${BUILT_PRODUCTS_DIR}/Alamofire/Alamofire.framework",
				"${BUILT_PRODUCTS_DIR}/SVProgressHUD/SVProgressHUD.framework",
				"${BUILT_PRODUCTS_DIR}/SwiftyJSON/SwiftyJSON.framework",
			);
			name = "[CP] Embed Pods Frameworks";
			outputPaths = (
				"${TARGET_BUILD_DIR}/${FRAMEWORKS_FOLDER_PATH}/Alamofire.framework",
				"${TARGET_BUILD_DIR}/${FRAMEWORKS_FOLDER_PATH}/SVProgressHUD.framework",
				"${TARGET_BUILD_DIR}/${FRAMEWORKS_FOLDER_PATH}/SwiftyJSON.framework",
			);
			runOnlyForDeploymentPostprocessing = 0;
			shellPath = /bin/sh;
			shellScript = "\"${SRCROOT}/Pods/Target Support Files/Pods-WeatherApp/Pods-WeatherApp-frameworks.sh\"\n";
			showEnvVarsInLog = 0;
		};
		B7CB2048D6C42F82DAD5D879 /* [CP] Check Pods Manifest.lock */ = {
			isa = PBXShellScriptBuildPhase;
			buildActionMask = 2147483647;
			files = (
			);
			inputPaths = (
				"${PODS_PODFILE_DIR_PATH}/Podfile.lock",
				"${PODS_ROOT}/Manifest.lock",
			);
			name = "[CP] Check Pods Manifest.lock";
			outputPaths = (
				"$(DERIVED_FILE_DIR)/Pods-WeatherAppUITests-checkManifestLockResult.txt",
			);
			runOnlyForDeploymentPostprocessing = 0;
			shellPath = /bin/sh;
			shellScript = "diff \"${PODS_PODFILE_DIR_PATH}/Podfile.lock\" \"${PODS_ROOT}/Manifest.lock\" > /dev/null\nif [ $? != 0 ] ; then\n    # print error to STDERR\n    echo \"error: The sandbox is not in sync with the Podfile.lock. Run 'pod install' or update your CocoaPods installation.\" >&2\n    exit 1\nfi\n# This output is used by Xcode 'outputs' to avoid re-running this script phase.\necho \"SUCCESS\" > \"${SCRIPT_OUTPUT_FILE_0}\"\n";
			showEnvVarsInLog = 0;
		};
		BD4D6F00DD4D858FB1F5AF0C /* [CP] Copy Pods Resources */ = {
			isa = PBXShellScriptBuildPhase;
			buildActionMask = 2147483647;
			files = (
			);
			inputPaths = (
			);
			name = "[CP] Copy Pods Resources";
			outputPaths = (
			);
			runOnlyForDeploymentPostprocessing = 0;
			shellPath = /bin/sh;
			shellScript = "\"${SRCROOT}/Pods/Target Support Files/Pods-WeatherAppTests/Pods-WeatherAppTests-resources.sh\"\n";
			showEnvVarsInLog = 0;
		};
/* End PBXShellScriptBuildPhase section */

/* Begin PBXSourcesBuildPhase section */
		D973B111205A671800E9CE4F /* Sources */ = {
			isa = PBXSourcesBuildPhase;
			buildActionMask = 2147483647;
			files = (
				D9110965206EA34700F2355F /* WeatherDataModel.swift in Sources */,
				D911096B2073E81C00F2355F /* ChangeCityTableViewController.swift in Sources */,
				D973B11B205A671800E9CE4F /* ViewController.swift in Sources */,
				D973B119205A671800E9CE4F /* AppDelegate.swift in Sources */,
			);
			runOnlyForDeploymentPostprocessing = 0;
		};
		D973B125205A671800E9CE4F /* Sources */ = {
			isa = PBXSourcesBuildPhase;
			buildActionMask = 2147483647;
			files = (
				D973B12E205A671800E9CE4F /* WeatherAppTests.swift in Sources */,
			);
			runOnlyForDeploymentPostprocessing = 0;
		};
		D973B130205A671900E9CE4F /* Sources */ = {
			isa = PBXSourcesBuildPhase;
			buildActionMask = 2147483647;
			files = (
				D973B139205A671900E9CE4F /* WeatherAppUITests.swift in Sources */,
			);
			runOnlyForDeploymentPostprocessing = 0;
		};
/* End PBXSourcesBuildPhase section */

/* Begin PBXTargetDependency section */
		D973B12B205A671800E9CE4F /* PBXTargetDependency */ = {
			isa = PBXTargetDependency;
			target = D973B114205A671800E9CE4F /* WeatherApp */;
			targetProxy = D973B12A205A671800E9CE4F /* PBXContainerItemProxy */;
		};
		D973B136205A671900E9CE4F /* PBXTargetDependency */ = {
			isa = PBXTargetDependency;
			target = D973B114205A671800E9CE4F /* WeatherApp */;
			targetProxy = D973B135205A671900E9CE4F /* PBXContainerItemProxy */;
		};
/* End PBXTargetDependency section */

/* Begin PBXVariantGroup section */
		D973B11C205A671800E9CE4F /* Main.storyboard */ = {
			isa = PBXVariantGroup;
			children = (
				D973B11D205A671800E9CE4F /* Base */,
			);
			name = Main.storyboard;
			sourceTree = "<group>";
		};
		D973B121205A671800E9CE4F /* LaunchScreen.storyboard */ = {
			isa = PBXVariantGroup;
			children = (
				D973B122205A671800E9CE4F /* Base */,
			);
			name = LaunchScreen.storyboard;
			sourceTree = "<group>";
		};
/* End PBXVariantGroup section */

/* Begin XCBuildConfiguration section */
		D973B13B205A671900E9CE4F /* Debug */ = {
			isa = XCBuildConfiguration;
			buildSettings = {
				ALWAYS_SEARCH_USER_PATHS = NO;
				CLANG_ANALYZER_NONNULL = YES;
				CLANG_ANALYZER_NUMBER_OBJECT_CONVERSION = YES_AGGRESSIVE;
				CLANG_CXX_LANGUAGE_STANDARD = "gnu++14";
				CLANG_CXX_LIBRARY = "libc++";
				CLANG_ENABLE_MODULES = YES;
				CLANG_ENABLE_OBJC_ARC = YES;
				CLANG_WARN_BLOCK_CAPTURE_AUTORELEASING = YES;
				CLANG_WARN_BOOL_CONVERSION = YES;
				CLANG_WARN_COMMA = YES;
				CLANG_WARN_CONSTANT_CONVERSION = YES;
				CLANG_WARN_DEPRECATED_OBJC_IMPLEMENTATIONS = YES;
				CLANG_WARN_DIRECT_OBJC_ISA_USAGE = YES_ERROR;
				CLANG_WARN_DOCUMENTATION_COMMENTS = YES;
				CLANG_WARN_EMPTY_BODY = YES;
				CLANG_WARN_ENUM_CONVERSION = YES;
				CLANG_WARN_INFINITE_RECURSION = YES;
				CLANG_WARN_INT_CONVERSION = YES;
				CLANG_WARN_NON_LITERAL_NULL_CONVERSION = YES;
				CLANG_WARN_OBJC_IMPLICIT_RETAIN_SELF = YES;
				CLANG_WARN_OBJC_LITERAL_CONVERSION = YES;
				CLANG_WARN_OBJC_ROOT_CLASS = YES_ERROR;
				CLANG_WARN_RANGE_LOOP_ANALYSIS = YES;
				CLANG_WARN_STRICT_PROTOTYPES = YES;
				CLANG_WARN_SUSPICIOUS_MOVE = YES;
				CLANG_WARN_UNGUARDED_AVAILABILITY = YES_AGGRESSIVE;
				CLANG_WARN_UNREACHABLE_CODE = YES;
				CLANG_WARN__DUPLICATE_METHOD_MATCH = YES;
				CODE_SIGN_IDENTITY = "iPhone Developer";
				COPY_PHASE_STRIP = NO;
				DEBUG_INFORMATION_FORMAT = dwarf;
				ENABLE_STRICT_OBJC_MSGSEND = YES;
				ENABLE_TESTABILITY = YES;
				GCC_C_LANGUAGE_STANDARD = gnu11;
				GCC_DYNAMIC_NO_PIC = NO;
				GCC_NO_COMMON_BLOCKS = YES;
				GCC_OPTIMIZATION_LEVEL = 0;
				GCC_PREPROCESSOR_DEFINITIONS = (
					"DEBUG=1",
					"$(inherited)",
				);
				GCC_WARN_64_TO_32_BIT_CONVERSION = YES;
				GCC_WARN_ABOUT_RETURN_TYPE = YES_ERROR;
				GCC_WARN_UNDECLARED_SELECTOR = YES;
				GCC_WARN_UNINITIALIZED_AUTOS = YES_AGGRESSIVE;
				GCC_WARN_UNUSED_FUNCTION = YES;
				GCC_WARN_UNUSED_VARIABLE = YES;
				IPHONEOS_DEPLOYMENT_TARGET = 11.2;
				MTL_ENABLE_DEBUG_INFO = YES;
				ONLY_ACTIVE_ARCH = YES;
				SDKROOT = iphoneos;
				SWIFT_ACTIVE_COMPILATION_CONDITIONS = DEBUG;
				SWIFT_OPTIMIZATION_LEVEL = "-Onone";
			};
			name = Debug;
		};
		D973B13C205A671900E9CE4F /* Release */ = {
			isa = XCBuildConfiguration;
			buildSettings = {
				ALWAYS_SEARCH_USER_PATHS = NO;
				CLANG_ANALYZER_NONNULL = YES;
				CLANG_ANALYZER_NUMBER_OBJECT_CONVERSION = YES_AGGRESSIVE;
				CLANG_CXX_LANGUAGE_STANDARD = "gnu++14";
				CLANG_CXX_LIBRARY = "libc++";
				CLANG_ENABLE_MODULES = YES;
				CLANG_ENABLE_OBJC_ARC = YES;
				CLANG_WARN_BLOCK_CAPTURE_AUTORELEASING = YES;
				CLANG_WARN_BOOL_CONVERSION = YES;
				CLANG_WARN_COMMA = YES;
				CLANG_WARN_CONSTANT_CONVERSION = YES;
				CLANG_WARN_DEPRECATED_OBJC_IMPLEMENTATIONS = YES;
				CLANG_WARN_DIRECT_OBJC_ISA_USAGE = YES_ERROR;
				CLANG_WARN_DOCUMENTATION_COMMENTS = YES;
				CLANG_WARN_EMPTY_BODY = YES;
				CLANG_WARN_ENUM_CONVERSION = YES;
				CLANG_WARN_INFINITE_RECURSION = YES;
				CLANG_WARN_INT_CONVERSION = YES;
				CLANG_WARN_NON_LITERAL_NULL_CONVERSION = YES;
				CLANG_WARN_OBJC_IMPLICIT_RETAIN_SELF = YES;
				CLANG_WARN_OBJC_LITERAL_CONVERSION = YES;
				CLANG_WARN_OBJC_ROOT_CLASS = YES_ERROR;
				CLANG_WARN_RANGE_LOOP_ANALYSIS = YES;
				CLANG_WARN_STRICT_PROTOTYPES = YES;
				CLANG_WARN_SUSPICIOUS_MOVE = YES;
				CLANG_WARN_UNGUARDED_AVAILABILITY = YES_AGGRESSIVE;
				CLANG_WARN_UNREACHABLE_CODE = YES;
				CLANG_WARN__DUPLICATE_METHOD_MATCH = YES;
				CODE_SIGN_IDENTITY = "iPhone Developer";
				COPY_PHASE_STRIP = NO;
				DEBUG_INFORMATION_FORMAT = "dwarf-with-dsym";
				ENABLE_NS_ASSERTIONS = NO;
				ENABLE_STRICT_OBJC_MSGSEND = YES;
				GCC_C_LANGUAGE_STANDARD = gnu11;
				GCC_NO_COMMON_BLOCKS = YES;
				GCC_WARN_64_TO_32_BIT_CONVERSION = YES;
				GCC_WARN_ABOUT_RETURN_TYPE = YES_ERROR;
				GCC_WARN_UNDECLARED_SELECTOR = YES;
				GCC_WARN_UNINITIALIZED_AUTOS = YES_AGGRESSIVE;
				GCC_WARN_UNUSED_FUNCTION = YES;
				GCC_WARN_UNUSED_VARIABLE = YES;
				IPHONEOS_DEPLOYMENT_TARGET = 11.2;
				MTL_ENABLE_DEBUG_INFO = NO;
				SDKROOT = iphoneos;
				SWIFT_OPTIMIZATION_LEVEL = "-Owholemodule";
				VALIDATE_PRODUCT = YES;
			};
			name = Release;
		};
		D973B13E205A671900E9CE4F /* Debug */ = {
			isa = XCBuildConfiguration;
			baseConfigurationReference = 5D6DE687B1C73E3D9EA9F95F /* Pods-WeatherApp.debug.xcconfig */;
			buildSettings = {
				ASSETCATALOG_COMPILER_APPICON_NAME = AppIcon;
				CODE_SIGN_STYLE = Automatic;
				INFOPLIST_FILE = WeatherApp/Info.plist;
				LD_RUNPATH_SEARCH_PATHS = "$(inherited) @executable_path/Frameworks";
				PRODUCT_BUNDLE_IDENTIFIER = Schwimpy.WeatherApp;
				PRODUCT_NAME = "$(TARGET_NAME)";
				SWIFT_VERSION = 4.0;
				TARGETED_DEVICE_FAMILY = "1,2";
			};
			name = Debug;
		};
		D973B13F205A671900E9CE4F /* Release */ = {
			isa = XCBuildConfiguration;
			baseConfigurationReference = 913FA26527D47A51B5B5C80E /* Pods-WeatherApp.release.xcconfig */;
			buildSettings = {
				ASSETCATALOG_COMPILER_APPICON_NAME = AppIcon;
				CODE_SIGN_STYLE = Automatic;
				INFOPLIST_FILE = WeatherApp/Info.plist;
				LD_RUNPATH_SEARCH_PATHS = "$(inherited) @executable_path/Frameworks";
				PRODUCT_BUNDLE_IDENTIFIER = Schwimpy.WeatherApp;
				PRODUCT_NAME = "$(TARGET_NAME)";
				SWIFT_VERSION = 4.0;
				TARGETED_DEVICE_FAMILY = "1,2";
			};
			name = Release;
		};
		D973B141205A671900E9CE4F /* Debug */ = {
			isa = XCBuildConfiguration;
			baseConfigurationReference = B67C9C893A3154C130CD688C /* Pods-WeatherAppTests.debug.xcconfig */;
			buildSettings = {
				ALWAYS_EMBED_SWIFT_STANDARD_LIBRARIES = YES;
				BUNDLE_LOADER = "$(TEST_HOST)";
				CODE_SIGN_STYLE = Automatic;
				INFOPLIST_FILE = WeatherAppTests/Info.plist;
				LD_RUNPATH_SEARCH_PATHS = "$(inherited) @executable_path/Frameworks @loader_path/Frameworks";
				PRODUCT_BUNDLE_IDENTIFIER = Schwimpy.WeatherAppTests;
				PRODUCT_NAME = "$(TARGET_NAME)";
				SWIFT_VERSION = 4.0;
				TARGETED_DEVICE_FAMILY = "1,2";
				TEST_HOST = "$(BUILT_PRODUCTS_DIR)/WeatherApp.app/WeatherApp";
			};
			name = Debug;
		};
		D973B142205A671900E9CE4F /* Release */ = {
			isa = XCBuildConfiguration;
			baseConfigurationReference = B195955557CDDFB808430801 /* Pods-WeatherAppTests.release.xcconfig */;
			buildSettings = {
				ALWAYS_EMBED_SWIFT_STANDARD_LIBRARIES = YES;
				BUNDLE_LOADER = "$(TEST_HOST)";
				CODE_SIGN_STYLE = Automatic;
				INFOPLIST_FILE = WeatherAppTests/Info.plist;
				LD_RUNPATH_SEARCH_PATHS = "$(inherited) @executable_path/Frameworks @loader_path/Frameworks";
				PRODUCT_BUNDLE_IDENTIFIER = Schwimpy.WeatherAppTests;
				PRODUCT_NAME = "$(TARGET_NAME)";
				SWIFT_VERSION = 4.0;
				TARGETED_DEVICE_FAMILY = "1,2";
				TEST_HOST = "$(BUILT_PRODUCTS_DIR)/WeatherApp.app/WeatherApp";
			};
			name = Release;
		};
		D973B144205A671900E9CE4F /* Debug */ = {
			isa = XCBuildConfiguration;
			baseConfigurationReference = F2CCDF27A32FD9543F8C852D /* Pods-WeatherAppUITests.debug.xcconfig */;
			buildSettings = {
				ALWAYS_EMBED_SWIFT_STANDARD_LIBRARIES = YES;
				CODE_SIGN_STYLE = Automatic;
				INFOPLIST_FILE = WeatherAppUITests/Info.plist;
				LD_RUNPATH_SEARCH_PATHS = "$(inherited) @executable_path/Frameworks @loader_path/Frameworks";
				PRODUCT_BUNDLE_IDENTIFIER = Schwimpy.WeatherAppUITests;
				PRODUCT_NAME = "$(TARGET_NAME)";
				SWIFT_VERSION = 4.0;
				TARGETED_DEVICE_FAMILY = "1,2";
				TEST_TARGET_NAME = WeatherApp;
			};
			name = Debug;
		};
		D973B145205A671900E9CE4F /* Release */ = {
			isa = XCBuildConfiguration;
			baseConfigurationReference = EE1906F55633A2CE66A6AC5A /* Pods-WeatherAppUITests.release.xcconfig */;
			buildSettings = {
				ALWAYS_EMBED_SWIFT_STANDARD_LIBRARIES = YES;
				CODE_SIGN_STYLE = Automatic;
				INFOPLIST_FILE = WeatherAppUITests/Info.plist;
				LD_RUNPATH_SEARCH_PATHS = "$(inherited) @executable_path/Frameworks @loader_path/Frameworks";
				PRODUCT_BUNDLE_IDENTIFIER = Schwimpy.WeatherAppUITests;
				PRODUCT_NAME = "$(TARGET_NAME)";
				SWIFT_VERSION = 4.0;
				TARGETED_DEVICE_FAMILY = "1,2";
				TEST_TARGET_NAME = WeatherApp;
			};
			name = Release;
		};
/* End XCBuildConfiguration section */

/* Begin XCConfigurationList section */
		D973B110205A671800E9CE4F /* Build configuration list for PBXProject "WeatherApp" */ = {
			isa = XCConfigurationList;
			buildConfigurations = (
				D973B13B205A671900E9CE4F /* Debug */,
				D973B13C205A671900E9CE4F /* Release */,
			);
			defaultConfigurationIsVisible = 0;
			defaultConfigurationName = Release;
		};
		D973B13D205A671900E9CE4F /* Build configuration list for PBXNativeTarget "WeatherApp" */ = {
			isa = XCConfigurationList;
			buildConfigurations = (
				D973B13E205A671900E9CE4F /* Debug */,
				D973B13F205A671900E9CE4F /* Release */,
			);
			defaultConfigurationIsVisible = 0;
			defaultConfigurationName = Release;
		};
		D973B140205A671900E9CE4F /* Build configuration list for PBXNativeTarget "WeatherAppTests" */ = {
			isa = XCConfigurationList;
			buildConfigurations = (
				D973B141205A671900E9CE4F /* Debug */,
				D973B142205A671900E9CE4F /* Release */,
			);
			defaultConfigurationIsVisible = 0;
			defaultConfigurationName = Release;
		};
		D973B143205A671900E9CE4F /* Build configuration list for PBXNativeTarget "WeatherAppUITests" */ = {
			isa = XCConfigurationList;
			buildConfigurations = (
				D973B144205A671900E9CE4F /* Debug */,
				D973B145205A671900E9CE4F /* Release */,
			);
			defaultConfigurationIsVisible = 0;
			defaultConfigurationName = Release;
		};
/* End XCConfigurationList section */
	};
	rootObject = D973B10D205A671800E9CE4F /* Project object */;
}
